
Microsoft Visual Studio Solution File, Format Version 12.00
# Visual Studio Version 17
VisualStudioVersion = 17.10.35013.160
MinimumVisualStudioVersion = 10.0.40219.1
Project("{8BC9CEB8-8B4A-11D0-8D11-00A0C91BC942}") = "MediaSorterDLL", "MediaSorterDLL\MediaSorterDLL.vcxproj", "{6BE6F55B-ACA1-42AC-AB90-153E22381138}"
EndProject
Global
	GlobalSection(SolutionConfigurationPlatforms) = preSolution
		Debug|x64 = Debug|x64
		Debug|x86 = Debug|x86
		DebugDLL|x64 = DebugDLL|x64
		DebugDLL|x86 = DebugDLL|x86
		DebugTest|x64 = DebugTest|x64
		DebugTest|x86 = DebugTest|x86
		Release|x64 = Release|x64
		Release|x86 = Release|x86
		testDLL|x64 = testDLL|x64
		testDLL|x86 = testDLL|x86
		testDLL2|x64 = testDLL2|x64
		testDLL2|x86 = testDLL2|x86
	EndGlobalSection
	GlobalSection(ProjectConfigurationPlatforms) = postSolution
		{6BE6F55B-ACA1-42AC-AB90-153E22381138}.Debug|x64.ActiveCfg = DebugDLL|x64
		{6BE6F55B-ACA1-42AC-AB90-153E22381138}.Debug|x64.Build.0 = DebugDLL|x64
		{6BE6F55B-ACA1-42AC-AB90-153E22381138}.Debug|x86.ActiveCfg = Debug|Win32
		{6BE6F55B-ACA1-42AC-AB90-153E22381138}.Debug|x86.Build.0 = Debug|Win32
		{6BE6F55B-ACA1-42AC-AB90-153E22381138}.DebugDLL|x64.ActiveCfg = DebugDLL|x64
		{6BE6F55B-ACA1-42AC-AB90-153E22381138}.DebugDLL|x64.Build.0 = DebugDLL|x64
		{6BE6F55B-ACA1-42AC-AB90-153E22381138}.DebugDLL|x86.ActiveCfg = DebugDLL|Win32
		{6BE6F55B-ACA1-42AC-AB90-153E22381138}.DebugDLL|x86.Build.0 = DebugDLL|Win32
		{6BE6F55B-ACA1-42AC-AB90-153E22381138}.DebugTest|x64.ActiveCfg = DebugDLL|x64
		{6BE6F55B-ACA1-42AC-AB90-153E22381138}.DebugTest|x64.Build.0 = DebugDLL|x64
		{6BE6F55B-ACA1-42AC-AB90-153E22381138}.DebugTest|x86.ActiveCfg = DebugDLL|Win32
		{6BE6F55B-ACA1-42AC-AB90-153E22381138}.DebugTest|x86.Build.0 = DebugDLL|Win32
		{6BE6F55B-ACA1-42AC-AB90-153E22381138}.Release|x64.ActiveCfg = Release|x64
		{6BE6F55B-ACA1-42AC-AB90-153E22381138}.Release|x64.Build.0 = Release|x64
		{6BE6F55B-ACA1-42AC-AB90-153E22381138}.Release|x86.ActiveCfg = Release|Win32
		{6BE6F55B-ACA1-42AC-AB90-153E22381138}.Release|x86.Build.0 = Release|Win32
		{6BE6F55B-ACA1-42AC-AB90-153E22381138}.testDLL|x64.ActiveCfg = testDLL|x64
		{6BE6F55B-ACA1-42AC-AB90-153E22381138}.testDLL|x64.Build.0 = testDLL|x64
		{6BE6F55B-ACA1-42AC-AB90-153E22381138}.testDLL|x86.ActiveCfg = testDLL|Win32
		{6BE6F55B-ACA1-42AC-AB90-153E22381138}.testDLL|x86.Build.0 = testDLL|Win32
		{6BE6F55B-ACA1-42AC-AB90-153E22381138}.testDLL2|x64.ActiveCfg = testDLL|x64
		{6BE6F55B-ACA1-42AC-AB90-153E22381138}.testDLL2|x64.Build.0 = testDLL|x64
		{6BE6F55B-ACA1-42AC-AB90-153E22381138}.testDLL2|x86.ActiveCfg = testDLL|Win32
		{6BE6F55B-ACA1-42AC-AB90-153E22381138}.testDLL2|x86.Build.0 = testDLL|Win32
	EndGlobalSection
	GlobalSection(SolutionProperties) = preSolution
		HideSolutionNode = FALSE
	EndGlobalSection
	GlobalSection(ExtensibilityGlobals) = postSolution
		SolutionGuid = {783812EB-0475-4276-92FE-05F0245B42AD}
	EndGlobalSection
EndGlobal
